
Microsoft Visual Studio Solution File, Format Version 12.00
# Visual Studio Version 17
VisualStudioVersion = 17.7.34202.233
MinimumVisualStudioVersion = 10.0.40219.1
Project("{FAE04EC0-301F-11D3-BF4B-00C04F79EFBC}") = "TouristsGo", "TouristsGo\TouristsGo.csproj", "{88A36BB7-8014-40B3-9F3E-3D0F87F8DB0F}"
EndProject
Global
	GlobalSection(SolutionConfigurationPlatforms) = preSolution
		Debug|Any CPU = Debug|Any CPU
		Release|Any CPU = Release|Any CPU
	EndGlobalSection
	GlobalSection(ProjectConfigurationPlatforms) = postSolution
		{88A36BB7-8014-40B3-9F3E-3D0F87F8DB0F}.Debug|Any CPU.ActiveCfg = Debug|Any CPU
		{88A36BB7-8014-40B3-9F3E-3D0F87F8DB0F}.Debug|Any CPU.Build.0 = Debug|Any CPU
		{88A36BB7-8014-40B3-9F3E-3D0F87F8DB0F}.Release|Any CPU.ActiveCfg = Release|Any CPU
		{88A36BB7-8014-40B3-9F3E-3D0F87F8DB0F}.Release|Any CPU.Build.0 = Release|Any CPU
	EndGlobalSection
	GlobalSection(SolutionProperties) = preSolution
		HideSolutionNode = FALSE
	EndGlobalSection
	GlobalSection(ExtensibilityGlobals) = postSolution
		SolutionGuid = {EBA238CA-C272-4002-884A-6282EB969E7E}
	EndGlobalSection
EndGlobal
